
Microsoft Visual Studio Solution File, Format Version 12.00
# Visual Studio Version 17
VisualStudioVersion = 17.7.34221.43
MinimumVisualStudioVersion = 10.0.40219.1
Project("{FAE04EC0-301F-11D3-BF4B-00C04F79EFBC}") = "Assignment10 ProductRegFrm", "Assignment10 ProductRegFrm\Assignment10 ProductRegFrm.csproj", "{824E0A01-D973-4C01-A879-B5A5568BE301}"
EndProject
Global
	GlobalSection(SolutionConfigurationPlatforms) = preSolution
		Debug|Any CPU = Debug|Any CPU
		Release|Any CPU = Release|Any CPU
	EndGlobalSection
	GlobalSection(ProjectConfigurationPlatforms) = postSolution
		{824E0A01-D973-4C01-A879-B5A5568BE301}.Debug|Any CPU.ActiveCfg = Debug|Any CPU
		{824E0A01-D973-4C01-A879-B5A5568BE301}.Debug|Any CPU.Build.0 = Debug|Any CPU
		{824E0A01-D973-4C01-A879-B5A5568BE301}.Release|Any CPU.ActiveCfg = Release|Any CPU
		{824E0A01-D973-4C01-A879-B5A5568BE301}.Release|Any CPU.Build.0 = Release|Any CPU
	EndGlobalSection
	GlobalSection(SolutionProperties) = preSolution
		HideSolutionNode = FALSE
	EndGlobalSection
	GlobalSection(ExtensibilityGlobals) = postSolution
		SolutionGuid = {76C7FE91-4171-44D8-B80C-0F1E359F2CC0}
	EndGlobalSection
EndGlobal
